
Microsoft Visual Studio Solution File, Format Version 9.00
# Visual Studio 2005
Project("{FAE04EC0-301F-11D3-BF4B-00C04F79EFBC}") = "RenderWindowControl", "RenderWindowControl.csproj", "{125EEFAC-7731-4640-B731-1A32372FA76D}"
EndProject
Global
	GlobalSection(SolutionConfigurationPlatforms) = preSolution
		Debug|Any CPU = Debug|Any CPU
		Release|Any CPU = Release|Any CPU
	EndGlobalSection
	GlobalSection(ProjectConfigurationPlatforms) = postSolution
		{125EEFAC-7731-4640-B731-1A32372FA76D}.Debug|Any CPU.ActiveCfg = Debug|Any CPU
		{125EEFAC-7731-4640-B731-1A32372FA76D}.Debug|Any CPU.Build.0 = Debug|Any CPU
		{125EEFAC-7731-4640-B731-1A32372FA76D}.Release|Any CPU.ActiveCfg = Release|Any CPU
		{125EEFAC-7731-4640-B731-1A32372FA76D}.Release|Any CPU.Build.0 = Release|Any CPU
	EndGlobalSection
	GlobalSection(SolutionProperties) = preSolution
		HideSolutionNode = FALSE
	EndGlobalSection
EndGlobal
